// !$*UTF8*$!
{
	archiveVersion = 1;
	classes = {
	};
	objectVersion = 77;
	objects = {

/* Begin PBXContainerItemProxy section */
		90CE978E2DF506C400D1874A /* PBXContainerItemProxy */ = {
			isa = PBXContainerItemProxy;
			containerPortal = 90CE97732DF506C300D1874A /* Project object */;
			proxyType = 1;
			remoteGlobalIDString = 90CE977A2DF506C300D1874A;
			remoteInfo = Dueffe;
		};
		90CE97982DF506C400D1874A /* PBXContainerItemProxy */ = {
			isa = PBXContainerItemProxy;
			containerPortal = 90CE97732DF506C300D1874A /* Project object */;
			proxyType = 1;
			remoteGlobalIDString = 90CE977A2DF506C300D1874A;
			remoteInfo = Dueffe;
		};
/* End PBXContainerItemProxy section */

/* Begin PBXFileReference section */
		90CE977B2DF506C300D1874A /* Dueffe Money.app */ = {isa = PBXFileReference; explicitFileType = wrapper.application; includeInIndex = 0; path = "Dueffe Money.app"; sourceTree = BUILT_PRODUCTS_DIR; };
		90CE978D2DF506C400D1874A /* Dueffe MoneyTests.xctest */ = {isa = PBXFileReference; explicitFileType = wrapper.cfbundle; includeInIndex = 0; path = "Dueffe MoneyTests.xctest"; sourceTree = BUILT_PRODUCTS_DIR; };
		90CE97972DF506C400D1874A /* Dueffe MoneyUITests.xctest */ = {isa = PBXFileReference; explicitFileType = wrapper.cfbundle; includeInIndex = 0; path = "Dueffe MoneyUITests.xctest"; sourceTree = BUILT_PRODUCTS_DIR; };
/* End PBXFileReference section */

/* Begin PBXFileSystemSynchronizedRootGroup section */
		90CE977D2DF506C300D1874A /* Dueffe */ = {
			isa = PBXFileSystemSynchronizedRootGroup;
			path = Dueffe;
			sourceTree = "<group>";
		};
		90CE97902DF506C400D1874A /* DueffeTests */ = {
			isa = PBXFileSystemSynchronizedRootGroup;
			path = DueffeTests;
			sourceTree = "<group>";
		};
		90CE979A2DF506C400D1874A /* DueffeUITests */ = {
			isa = PBXFileSystemSynchronizedRootGroup;
			path = DueffeUITests;
			sourceTree = "<group>";
		};
/* End PBXFileSystemSynchronizedRootGroup section */

/* Begin PBXFrameworksBuildPhase section */
		90CE97782DF506C300D1874A /* Frameworks */ = {
			isa = PBXFrameworksBuildPhase;
			buildActionMask = 2147483647;
			files = (
			);
			runOnlyForDeploymentPostprocessing = 0;
		};
		90CE978A2DF506C400D1874A /* Frameworks */ = {
			isa = PBXFrameworksBuildPhase;
			buildActionMask = 2147483647;
			files = (
			);
			runOnlyForDeploymentPostprocessing = 0;
		};
		90CE97942DF506C400D1874A /* Frameworks */ = {
			isa = PBXFrameworksBuildPhase;
			buildActionMask = 2147483647;
			files = (
			);
			runOnlyForDeploymentPostprocessing = 0;
		};
/* End PBXFrameworksBuildPhase section */

/* Begin PBXGroup section */
		90CE97722DF506C300D1874A = {
			isa = PBXGroup;
			children = (
				90CE977D2DF506C300D1874A /* Dueffe */,
				90CE97902DF506C400D1874A /* DueffeTests */,
				90CE979A2DF506C400D1874A /* DueffeUITests */,
				90CE977C2DF506C300D1874A /* Products */,
			);
			sourceTree = "<group>";
		};
		90CE977C2DF506C300D1874A /* Products */ = {
			isa = PBXGroup;
			children = (
				90CE977B2DF506C300D1874A /* Dueffe Money.app */,
				90CE978D2DF506C400D1874A /* Dueffe MoneyTests.xctest */,
				90CE97972DF506C400D1874A /* Dueffe MoneyUITests.xctest */,
			);
			name = Products;
			sourceTree = "<group>";
		};
/* End PBXGroup section */

/* Begin PBXNativeTarget section */
		90CE977A2DF506C300D1874A /* Dueffe Money */ = {
			isa = PBXNativeTarget;
			buildConfigurationList = 90CE97A12DF506C400D1874A /* Build configuration list for PBXNativeTarget "Dueffe Money" */;
			buildPhases = (
				90CE97772DF506C300D1874A /* Sources */,
				90CE97782DF506C300D1874A /* Frameworks */,
				90CE97792DF506C300D1874A /* Resources */,
			);
			buildRules = (
			);
			dependencies = (
			);
			fileSystemSynchronizedGroups = (
				90CE977D2DF506C300D1874A /* Dueffe */,
			);
			name = "Dueffe Money";
			packageProductDependencies = (
			);
			productName = Dueffe;
			productReference = 90CE977B2DF506C300D1874A /* Dueffe Money.app */;
			productType = "com.apple.product-type.application";
		};
		90CE978C2DF506C400D1874A /* Dueffe MoneyTests */ = {
			isa = PBXNativeTarget;
			buildConfigurationList = 90CE97A42DF506C400D1874A /* Build configuration list for PBXNativeTarget "Dueffe MoneyTests" */;
			buildPhases = (
				90CE97892DF506C400D1874A /* Sources */,
				90CE978A2DF506C400D1874A /* Frameworks */,
				90CE978B2DF506C400D1874A /* Resources */,
			);
			buildRules = (
			);
			dependencies = (
				90CE978F2DF506C400D1874A /* PBXTargetDependency */,
			);
			fileSystemSynchronizedGroups = (
				90CE97902DF506C400D1874A /* DueffeTests */,
			);
			name = "Dueffe MoneyTests";
			packageProductDependencies = (
			);
			productName = DueffeTests;
			productReference = 90CE978D2DF506C400D1874A /* Dueffe MoneyTests.xctest */;
			productType = "com.apple.product-type.bundle.unit-test";
		};
		90CE97962DF506C400D1874A /* Dueffe MoneyUITests */ = {
			isa = PBXNativeTarget;
			buildConfigurationList = 90CE97A72DF506C400D1874A /* Build configuration list for PBXNativeTarget "Dueffe MoneyUITests" */;
			buildPhases = (
				90CE97932DF506C400D1874A /* Sources */,
				90CE97942DF506C400D1874A /* Frameworks */,
				90CE97952DF506C400D1874A /* Resources */,
			);
			buildRules = (
			);
			dependencies = (
				90CE97992DF506C400D1874A /* PBXTargetDependency */,
			);
			fileSystemSynchronizedGroups = (
				90CE979A2DF506C400D1874A /* DueffeUITests */,
			);
			name = "Dueffe MoneyUITests";
			packageProductDependencies = (
			);
			productName = DueffeUITests;
			productReference = 90CE97972DF506C400D1874A /* Dueffe MoneyUITests.xctest */;
			productType = "com.apple.product-type.bundle.ui-testing";
		};
/* End PBXNativeTarget section */

/* Begin PBXProject section */
		90CE97732DF506C300D1874A /* Project object */ = {
			isa = PBXProject;
			attributes = {
				BuildIndependentTargetsInParallel = 1;
				LastSwiftUpdateCheck = 1640;
				LastUpgradeCheck = 1640;
				TargetAttributes = {
					90CE977A2DF506C300D1874A = {
						CreatedOnToolsVersion = 16.4;
					};
					90CE978C2DF506C400D1874A = {
						CreatedOnToolsVersion = 16.4;
						TestTargetID = 90CE977A2DF506C300D1874A;
					};
					90CE97962DF506C400D1874A = {
						CreatedOnToolsVersion = 16.4;
						TestTargetID = 90CE977A2DF506C300D1874A;
					};
				};
			};
			buildConfigurationList = 90CE97762DF506C300D1874A /* Build configuration list for PBXProject "Dueffe Money" */;
			developmentRegion = it;
			hasScannedForEncodings = 0;
			knownRegions = (
				Base,
				it,
			);
			mainGroup = 90CE97722DF506C300D1874A;
			minimizedProjectReferenceProxies = 1;
			preferredProjectObjectVersion = 77;
			productRefGroup = 90CE977C2DF506C300D1874A /* Products */;
			projectDirPath = "";
			projectRoot = "";
			targets = (
				90CE977A2DF506C300D1874A /* Dueffe Money */,
				90CE978C2DF506C400D1874A /* Dueffe MoneyTests */,
				90CE97962DF506C400D1874A /* Dueffe MoneyUITests */,
			);
		};
/* End PBXProject section */

/* Begin PBXResourcesBuildPhase section */
		90CE97792DF506C300D1874A /* Resources */ = {
			isa = PBXResourcesBuildPhase;
			buildActionMask = 2147483647;
			files = (
			);
			runOnlyForDeploymentPostprocessing = 0;
		};
		90CE978B2DF506C400D1874A /* Resources */ = {
			isa = PBXResourcesBuildPhase;
			buildActionMask = 2147483647;
			files = (
			);
			runOnlyForDeploymentPostprocessing = 0;
		};
		90CE97952DF506C400D1874A /* Resources */ = {
			isa = PBXResourcesBuildPhase;
			buildActionMask = 2147483647;
			files = (
			);
			runOnlyForDeploymentPostprocessing = 0;
		};
/* End PBXResourcesBuildPhase section */

/* Begin PBXSourcesBuildPhase section */
		90CE97772DF506C300D1874A /* Sources */ = {
			isa = PBXSourcesBuildPhase;
			buildActionMask = 2147483647;
			files = (
			);
			runOnlyForDeploymentPostprocessing = 0;
		};
		90CE97892DF506C400D1874A /* Sources */ = {
			isa = PBXSourcesBuildPhase;
			buildActionMask = 2147483647;
			files = (
			);
			runOnlyForDeploymentPostprocessing = 0;
		};
		90CE97932DF506C400D1874A /* Sources */ = {
			isa = PBXSourcesBuildPhase;
			buildActionMask = 2147483647;
			files = (
			);
			runOnlyForDeploymentPostprocessing = 0;
		};
/* End PBXSourcesBuildPhase section */

/* Begin PBXTargetDependency section */
		90CE978F2DF506C400D1874A /* PBXTargetDependency */ = {
			isa = PBXTargetDependency;
			target = 90CE977A2DF506C300D1874A /* Dueffe Money */;
			targetProxy = 90CE978E2DF506C400D1874A /* PBXContainerItemProxy */;
		};
		90CE97992DF506C400D1874A /* PBXTargetDependency */ = {
			isa = PBXTargetDependency;
			target = 90CE977A2DF506C300D1874A /* Dueffe Money */;
			targetProxy = 90CE97982DF506C400D1874A /* PBXContainerItemProxy */;
		};
/* End PBXTargetDependency section */

/* Begin XCBuildConfiguration section */
		90CE979F2DF506C400D1874A /* Debug */ = {
			isa = XCBuildConfiguration;
			buildSettings = {
				ALWAYS_SEARCH_USER_PATHS = NO;
				ASSETCATALOG_COMPILER_GENERATE_SWIFT_ASSET_SYMBOL_EXTENSIONS = YES;
				CLANG_ANALYZER_NONNULL = YES;
				CLANG_ANALYZER_NUMBER_OBJECT_CONVERSION = YES_AGGRESSIVE;
				CLANG_CXX_LANGUAGE_STANDARD = "gnu++20";
				CLANG_ENABLE_MODULES = YES;
				CLANG_ENABLE_OBJC_ARC = YES;
				CLANG_ENABLE_OBJC_WEAK = YES;
				CLANG_WARN_BLOCK_CAPTURE_AUTORELEASING = YES;
				CLANG_WARN_BOOL_CONVERSION = YES;
				CLANG_WARN_COMMA = YES;
				CLANG_WARN_CONSTANT_CONVERSION = YES;
				CLANG_WARN_DEPRECATED_OBJC_IMPLEMENTATIONS = YES;
				CLANG_WARN_DIRECT_OBJC_ISA_USAGE = YES_ERROR;
				CLANG_WARN_DOCUMENTATION_COMMENTS = YES;
				CLANG_WARN_EMPTY_BODY = YES;
				CLANG_WARN_ENUM_CONVERSION = YES;
				CLANG_WARN_INFINITE_RECURSION = YES;
				CLANG_WARN_INT_CONVERSION = YES;
				CLANG_WARN_NON_LITERAL_NULL_CONVERSION = YES;
				CLANG_WARN_OBJC_IMPLICIT_RETAIN_SELF = YES;
				CLANG_WARN_OBJC_LITERAL_CONVERSION = YES;
				CLANG_WARN_OBJC_ROOT_CLASS = YES_ERROR;
				CLANG_WARN_QUOTED_INCLUDE_IN_FRAMEWORK_HEADER = YES;
				CLANG_WARN_RANGE_LOOP_ANALYSIS = YES;
				CLANG_WARN_STRICT_PROTOTYPES = YES;
				CLANG_WARN_SUSPICIOUS_MOVE = YES;
				CLANG_WARN_UNGUARDED_AVAILABILITY = YES_AGGRESSIVE;
				CLANG_WARN_UNREACHABLE_CODE = YES;
				CLANG_WARN__DUPLICATE_METHOD_MATCH = YES;
				COPY_PHASE_STRIP = NO;
				DEBUG_INFORMATION_FORMAT = dwarf;
				DEVELOPMENT_TEAM = 579CS4F45Y;
				ENABLE_STRICT_OBJC_MSGSEND = YES;
				ENABLE_TESTABILITY = YES;
				ENABLE_USER_SCRIPT_SANDBOXING = YES;
				GCC_C_LANGUAGE_STANDARD = gnu17;
				GCC_DYNAMIC_NO_PIC = NO;
				GCC_NO_COMMON_BLOCKS = YES;
				GCC_OPTIMIZATION_LEVEL = 0;
				GCC_PREPROCESSOR_DEFINITIONS = (
					"DEBUG=1",
					"$(inherited)",
				);
				GCC_WARN_64_TO_32_BIT_CONVERSION = YES;
				GCC_WARN_ABOUT_RETURN_TYPE = YES_ERROR;
				GCC_WARN_UNDECLARED_SELECTOR = YES;
				GCC_WARN_UNINITIALIZED_AUTOS = YES_AGGRESSIVE;
				GCC_WARN_UNUSED_FUNCTION = YES;
				GCC_WARN_UNUSED_VARIABLE = YES;
				IPHONEOS_DEPLOYMENT_TARGET = 18.5;
				LOCALIZATION_PREFERS_STRING_CATALOGS = YES;
				MTL_ENABLE_DEBUG_INFO = INCLUDE_SOURCE;
				MTL_FAST_MATH = YES;
				ONLY_ACTIVE_ARCH = YES;
				SDKROOT = iphoneos;
				SWIFT_ACTIVE_COMPILATION_CONDITIONS = "DEBUG $(inherited)";
				SWIFT_OPTIMIZATION_LEVEL = "-Onone";
			};
			name = Debug;
		};
		90CE97A02DF506C400D1874A /* Release */ = {
			isa = XCBuildConfiguration;
			buildSettings = {
				ALWAYS_SEARCH_USER_PATHS = NO;
				ASSETCATALOG_COMPILER_GENERATE_SWIFT_ASSET_SYMBOL_EXTENSIONS = YES;
				CLANG_ANALYZER_NONNULL = YES;
				CLANG_ANALYZER_NUMBER_OBJECT_CONVERSION = YES_AGGRESSIVE;
				CLANG_CXX_LANGUAGE_STANDARD = "gnu++20";
				CLANG_ENABLE_MODULES = YES;
				CLANG_ENABLE_OBJC_ARC = YES;
				CLANG_ENABLE_OBJC_WEAK = YES;
				CLANG_WARN_BLOCK_CAPTURE_AUTORELEASING = YES;
				CLANG_WARN_BOOL_CONVERSION = YES;
				CLANG_WARN_COMMA = YES;
				CLANG_WARN_CONSTANT_CONVERSION = YES;
				CLANG_WARN_DEPRECATED_OBJC_IMPLEMENTATIONS = YES;
				CLANG_WARN_DIRECT_OBJC_ISA_USAGE = YES_ERROR;
				CLANG_WARN_DOCUMENTATION_COMMENTS = YES;
				CLANG_WARN_EMPTY_BODY = YES;
				CLANG_WARN_ENUM_CONVERSION = YES;
				CLANG_WARN_INFINITE_RECURSION = YES;
				CLANG_WARN_INT_CONVERSION = YES;
				CLANG_WARN_NON_LITERAL_NULL_CONVERSION = YES;
				CLANG_WARN_OBJC_IMPLICIT_RETAIN_SELF = YES;
				CLANG_WARN_OBJC_LITERAL_CONVERSION = YES;
				CLANG_WARN_OBJC_ROOT_CLASS = YES_ERROR;
				CLANG_WARN_QUOTED_INCLUDE_IN_FRAMEWORK_HEADER = YES;
				CLANG_WARN_RANGE_LOOP_ANALYSIS = YES;
				CLANG_WARN_STRICT_PROTOTYPES = YES;
				CLANG_WARN_SUSPICIOUS_MOVE = YES;
				CLANG_WARN_UNGUARDED_AVAILABILITY = YES_AGGRESSIVE;
				CLANG_WARN_UNREACHABLE_CODE = YES;
				CLANG_WARN__DUPLICATE_METHOD_MATCH = YES;
				COPY_PHASE_STRIP = NO;
				DEBUG_INFORMATION_FORMAT = "dwarf-with-dsym";
				DEVELOPMENT_TEAM = 579CS4F45Y;
				ENABLE_NS_ASSERTIONS = NO;
				ENABLE_STRICT_OBJC_MSGSEND = YES;
				ENABLE_USER_SCRIPT_SANDBOXING = YES;
				GCC_C_LANGUAGE_STANDARD = gnu17;
				GCC_NO_COMMON_BLOCKS = YES;
				GCC_WARN_64_TO_32_BIT_CONVERSION = YES;
				GCC_WARN_ABOUT_RETURN_TYPE = YES_ERROR;
				GCC_WARN_UNDECLARED_SELECTOR = YES;
				GCC_WARN_UNINITIALIZED_AUTOS = YES_AGGRESSIVE;
				GCC_WARN_UNUSED_FUNCTION = YES;
				GCC_WARN_UNUSED_VARIABLE = YES;
				IPHONEOS_DEPLOYMENT_TARGET = 18.5;
				LOCALIZATION_PREFERS_STRING_CATALOGS = YES;
				MTL_ENABLE_DEBUG_INFO = NO;
				MTL_FAST_MATH = YES;
				SDKROOT = iphoneos;
				SWIFT_COMPILATION_MODE = wholemodule;
				VALIDATE_PRODUCT = YES;
			};
			name = Release;
		};
		90CE97A22DF506C400D1874A /* Debug */ = {
			isa = XCBuildConfiguration;
			buildSettings = {
				ASSETCATALOG_COMPILER_APPICON_NAME = AppIcon;
				ASSETCATALOG_COMPILER_GLOBAL_ACCENT_COLOR_NAME = AccentColor;
				CODE_SIGN_STYLE = Automatic;
				CURRENT_PROJECT_VERSION = 1;
				DEVELOPMENT_TEAM = 579CS4F45Y;
				ENABLE_PREVIEWS = YES;
				GENERATE_INFOPLIST_FILE = YES;
				INFOPLIST_KEY_CFBundleDisplayName = "Dueffe Money";
				INFOPLIST_KEY_NSFaceIDUsageDescription = "Dueffe Money utilizza Face ID per proteggere l'accesso ai tuoi dati finanziari personali e garantire che solo tu possa visualizzare e modificare le tue informazioni finanziarie.";
				INFOPLIST_KEY_UIApplicationSceneManifest_Generation = YES;
				INFOPLIST_KEY_UIApplicationSupportsIndirectInputEvents = YES;
				INFOPLIST_KEY_UILaunchScreen_Generation = YES;
				INFOPLIST_KEY_UISupportedInterfaceOrientations = UIInterfaceOrientationPortrait;
				INFOPLIST_KEY_UISupportedInterfaceOrientations_iPad = "UIInterfaceOrientationLandscapeLeft UIInterfaceOrientationLandscapeRight UIInterfaceOrientationPortrait UIInterfaceOrientationPortraitUpsideDown";
				LD_RUNPATH_SEARCH_PATHS = (
					"$(inherited)",
					"@executable_path/Frameworks",
				);
				MARKETING_VERSION = 1.0;
				PRODUCT_BUNDLE_IDENTIFIER = com.carellice.DueffeMoney;
				PRODUCT_NAME = "$(TARGET_NAME)";
				SWIFT_EMIT_LOC_STRINGS = YES;
				SWIFT_VERSION = 5.0;
				TARGETED_DEVICE_FAMILY = "1,2";
			};
			name = Debug;
		};
		90CE97A32DF506C400D1874A /* Release */ = {
			isa = XCBuildConfiguration;
			buildSettings = {
				ASSETCATALOG_COMPILER_APPICON_NAME = AppIcon;
				ASSETCATALOG_COMPILER_GLOBAL_ACCENT_COLOR_NAME = AccentColor;
				CODE_SIGN_STYLE = Automatic;
				CURRENT_PROJECT_VERSION = 1;
				DEVELOPMENT_TEAM = 579CS4F45Y;
				ENABLE_PREVIEWS = YES;
				GENERATE_INFOPLIST_FILE = YES;
				INFOPLIST_KEY_CFBundleDisplayName = "Dueffe Money";
				INFOPLIST_KEY_NSFaceIDUsageDescription = "Dueffe Money utilizza Face ID per proteggere l'accesso ai tuoi dati finanziari personali e garantire che solo tu possa visualizzare e modificare le tue informazioni finanziarie.";
				INFOPLIST_KEY_UIApplicationSceneManifest_Generation = YES;
				INFOPLIST_KEY_UIApplicationSupportsIndirectInputEvents = YES;
				INFOPLIST_KEY_UILaunchScreen_Generation = YES;
				INFOPLIST_KEY_UISupportedInterfaceOrientations = UIInterfaceOrientationPortrait;
				INFOPLIST_KEY_UISupportedInterfaceOrientations_iPad = "UIInterfaceOrientationLandscapeLeft UIInterfaceOrientationLandscapeRight UIInterfaceOrientationPortrait UIInterfaceOrientationPortraitUpsideDown";
				LD_RUNPATH_SEARCH_PATHS = (
					"$(inherited)",
					"@executable_path/Frameworks",
				);
				MARKETING_VERSION = 1.0;
				PRODUCT_BUNDLE_IDENTIFIER = com.carellice.DueffeMoney;
				PRODUCT_NAME = "$(TARGET_NAME)";
				SWIFT_EMIT_LOC_STRINGS = YES;
				SWIFT_VERSION = 5.0;
				TARGETED_DEVICE_FAMILY = "1,2";
			};
			name = Release;
		};
		90CE97A52DF506C400D1874A /* Debug */ = {
			isa = XCBuildConfiguration;
			buildSettings = {
				BUNDLE_LOADER = "$(TEST_HOST)";
				CODE_SIGN_STYLE = Automatic;
				CURRENT_PROJECT_VERSION = 1;
				DEVELOPMENT_TEAM = 579CS4F45Y;
				GENERATE_INFOPLIST_FILE = YES;
				IPHONEOS_DEPLOYMENT_TARGET = 18.5;
				MARKETING_VERSION = 1.0;
				PRODUCT_BUNDLE_IDENTIFIER = com.carellice.DueffeTests;
				PRODUCT_NAME = "$(TARGET_NAME)";
				SWIFT_EMIT_LOC_STRINGS = NO;
				SWIFT_VERSION = 5.0;
				TARGETED_DEVICE_FAMILY = "1,2";
				TEST_HOST = "$(BUILT_PRODUCTS_DIR)/Dueffe Money.app/$(BUNDLE_EXECUTABLE_FOLDER_PATH)/Dueffe Money";
			};
			name = Debug;
		};
		90CE97A62DF506C400D1874A /* Release */ = {
			isa = XCBuildConfiguration;
			buildSettings = {
				BUNDLE_LOADER = "$(TEST_HOST)";
				CODE_SIGN_STYLE = Automatic;
				CURRENT_PROJECT_VERSION = 1;
				DEVELOPMENT_TEAM = 579CS4F45Y;
				GENERATE_INFOPLIST_FILE = YES;
				IPHONEOS_DEPLOYMENT_TARGET = 18.5;
				MARKETING_VERSION = 1.0;
				PRODUCT_BUNDLE_IDENTIFIER = com.carellice.DueffeTests;
				PRODUCT_NAME = "$(TARGET_NAME)";
				SWIFT_EMIT_LOC_STRINGS = NO;
				SWIFT_VERSION = 5.0;
				TARGETED_DEVICE_FAMILY = "1,2";
				TEST_HOST = "$(BUILT_PRODUCTS_DIR)/Dueffe Money.app/$(BUNDLE_EXECUTABLE_FOLDER_PATH)/Dueffe Money";
			};
			name = Release;
		};
		90CE97A82DF506C400D1874A /* Debug */ = {
			isa = XCBuildConfiguration;
			buildSettings = {
				CODE_SIGN_STYLE = Automatic;
				CURRENT_PROJECT_VERSION = 1;
				DEVELOPMENT_TEAM = 579CS4F45Y;
				GENERATE_INFOPLIST_FILE = YES;
				MARKETING_VERSION = 1.0;
				PRODUCT_BUNDLE_IDENTIFIER = com.carellice.DueffeUITests;
				PRODUCT_NAME = "$(TARGET_NAME)";
				SWIFT_EMIT_LOC_STRINGS = NO;
				SWIFT_VERSION = 5.0;
				TARGETED_DEVICE_FAMILY = "1,2";
				TEST_TARGET_NAME = Dueffe;
			};
			name = Debug;
		};
		90CE97A92DF506C400D1874A /* Release */ = {
			isa = XCBuildConfiguration;
			buildSettings = {
				CODE_SIGN_STYLE = Automatic;
				CURRENT_PROJECT_VERSION = 1;
				DEVELOPMENT_TEAM = 579CS4F45Y;
				GENERATE_INFOPLIST_FILE = YES;
				MARKETING_VERSION = 1.0;
				PRODUCT_BUNDLE_IDENTIFIER = com.carellice.DueffeUITests;
				PRODUCT_NAME = "$(TARGET_NAME)";
				SWIFT_EMIT_LOC_STRINGS = NO;
				SWIFT_VERSION = 5.0;
				TARGETED_DEVICE_FAMILY = "1,2";
				TEST_TARGET_NAME = Dueffe;
			};
			name = Release;
		};
/* End XCBuildConfiguration section */

/* Begin XCConfigurationList section */
		90CE97762DF506C300D1874A /* Build configuration list for PBXProject "Dueffe Money" */ = {
			isa = XCConfigurationList;
			buildConfigurations = (
				90CE979F2DF506C400D1874A /* Debug */,
				90CE97A02DF506C400D1874A /* Release */,
			);
			defaultConfigurationIsVisible = 0;
			defaultConfigurationName = Release;
		};
		90CE97A12DF506C400D1874A /* Build configuration list for PBXNativeTarget "Dueffe Money" */ = {
			isa = XCConfigurationList;
			buildConfigurations = (
				90CE97A22DF506C400D1874A /* Debug */,
				90CE97A32DF506C400D1874A /* Release */,
			);
			defaultConfigurationIsVisible = 0;
			defaultConfigurationName = Release;
		};
		90CE97A42DF506C400D1874A /* Build configuration list for PBXNativeTarget "Dueffe MoneyTests" */ = {
			isa = XCConfigurationList;
			buildConfigurations = (
				90CE97A52DF506C400D1874A /* Debug */,
				90CE97A62DF506C400D1874A /* Release */,
			);
			defaultConfigurationIsVisible = 0;
			defaultConfigurationName = Release;
		};
		90CE97A72DF506C400D1874A /* Build configuration list for PBXNativeTarget "Dueffe MoneyUITests" */ = {
			isa = XCConfigurationList;
			buildConfigurations = (
				90CE97A82DF506C400D1874A /* Debug */,
				90CE97A92DF506C400D1874A /* Release */,
			);
			defaultConfigurationIsVisible = 0;
			defaultConfigurationName = Release;
		};
/* End XCConfigurationList section */
	};
	rootObject = 90CE97732DF506C300D1874A /* Project object */;
}
